
Microsoft Visual Studio Solution File, Format Version 12.00
# Visual Studio Version 17
VisualStudioVersion = 17.0.31903.59
MinimumVisualStudioVersion = 10.0.40219.1
Project("{FAE04EC0-301F-11D3-BF4B-00C04F79EFBC}") = "ArkPlotWpf", "ArkPlotWpf\ArkPlotWpf.csproj", "{75FCA598-88BC-4EBD-8ED1-BE9C3ECBF9DB}"
EndProject
Project("{FAE04EC0-301F-11D3-BF4B-00C04F79EFBC}") = "ArkPlot.Core", "ArkPlot.Core\ArkPlot.Core.csproj", "{BA78B4D3-B9B5-4EA2-B717-9B815C081651}"
EndProject
Project("{FAE04EC0-301F-11D3-BF4B-00C04F79EFBC}") = "ArkPlot.Avalonia", "ArkPlot.Avalonia\ArkPlot.Avalonia.csproj", "{C1DA2C0C-80E7-44BC-93A9-9E81989413A0}"
EndProject
Global
	GlobalSection(SolutionConfigurationPlatforms) = preSolution
		Debug|Any CPU = Debug|Any CPU
		Release|Any CPU = Release|Any CPU
	EndGlobalSection
	GlobalSection(SolutionProperties) = preSolution
		HideSolutionNode = FALSE
	EndGlobalSection
	GlobalSection(ProjectConfigurationPlatforms) = postSolution
		{75FCA598-88BC-4EBD-8ED1-BE9C3ECBF9DB}.Debug|Any CPU.ActiveCfg = Debug|Any CPU
		{75FCA598-88BC-4EBD-8ED1-BE9C3ECBF9DB}.Debug|Any CPU.Build.0 = Debug|Any CPU
		{75FCA598-88BC-4EBD-8ED1-BE9C3ECBF9DB}.Release|Any CPU.ActiveCfg = Release|Any CPU
		{75FCA598-88BC-4EBD-8ED1-BE9C3ECBF9DB}.Release|Any CPU.Build.0 = Release|Any CPU
		{BA78B4D3-B9B5-4EA2-B717-9B815C081651}.Debug|Any CPU.ActiveCfg = Debug|Any CPU
		{BA78B4D3-B9B5-4EA2-B717-9B815C081651}.Debug|Any CPU.Build.0 = Debug|Any CPU
		{BA78B4D3-B9B5-4EA2-B717-9B815C081651}.Release|Any CPU.ActiveCfg = Release|Any CPU
		{BA78B4D3-B9B5-4EA2-B717-9B815C081651}.Release|Any CPU.Build.0 = Release|Any CPU
		{C1DA2C0C-80E7-44BC-93A9-9E81989413A0}.Debug|Any CPU.ActiveCfg = Debug|Any CPU
		{C1DA2C0C-80E7-44BC-93A9-9E81989413A0}.Debug|Any CPU.Build.0 = Debug|Any CPU
		{C1DA2C0C-80E7-44BC-93A9-9E81989413A0}.Release|Any CPU.ActiveCfg = Release|Any CPU
		{C1DA2C0C-80E7-44BC-93A9-9E81989413A0}.Release|Any CPU.Build.0 = Release|Any CPU
	EndGlobalSection
EndGlobal
