
Microsoft Visual Studio Solution File, Format Version 12.00
# Visual Studio Version 17
VisualStudioVersion = 17.0.31903.59
MinimumVisualStudioVersion = 10.0.40219.1
Project("{FAE04EC0-301F-11D3-BF4B-00C04F79EFBC}") = "ArkPlot.Avalonia", "ArkPlot.Avalonia\ArkPlot.Avalonia.csproj", "{C1DA2C0C-80E7-44BC-93A9-9E81989413A0}"
EndProject
Project("{FAE04EC0-301F-11D3-BF4B-00C04F79EFBC}") = "ArkPlot.Novelizer", "ArkPlot.Novelizer\ArkPlot.Novelizer.csproj", "{3C984B9E-A356-49CE-ABAA-33E362A9EDC0}"
EndProject
Project("{FAE04EC0-301F-11D3-BF4B-00C04F79EFBC}") = "ArkPlot.Vision", "ArkPlot.Vision\ArkPlot.Vision.csproj", "{4D985B0F-B467-50DF-BCCB-44F473B0FED1}"
EndProject
Project("{FAE04EC0-301F-11D3-BF4B-00C04F79EFBC}") = "ArkPlot.Cli", "ArkPlot.Cli\ArkPlot.Cli.csproj", "{30D5502C-85B5-4EC7-98C6-805615E0E7D0}"
EndProject
Project("{FAE04EC0-301F-11D3-BF4B-00C04F79EFBC}") = "ArkPlot.WebDemo", "ArkPlot.WebDemo\ArkPlot.WebDemo.csproj", "{2A02FF84-EBC0-4768-9EBB-42A6B4ADD391}"
EndProject
Project("{FAE04EC0-301F-11D3-BF4B-00C04F79EFBC}") = "ArkPlot.Novelizer.Tests", "ArkPlot.Novelizer.Tests\ArkPlot.Novelizer.Tests.csproj", "{CB70D941-C0B2-489A-AD07-D9BF981F33AB}"
EndProject
Project("{FAE04EC0-301F-11D3-BF4B-00C04F79EFBC}") = "ArkPlot.Avalonia.Tests", "ArkPlot.Avalonia.Tests\ArkPlot.Avalonia.Tests.csproj", "{7042B9A4-94D9-4691-9A0F-22B8393472B8}"
EndProject
Project("{FAE04EC0-301F-11D3-BF4B-00C04F79EFBC}") = "ArkPlot.Tts", "ArkPlot.Tts\ArkPlot.Tts.csproj", "{31C34A62-D4A8-4834-84B8-CE920AC82FD1}"
EndProject
Project("{FAE04EC0-301F-11D3-BF4B-00C04F79EFBC}") = "ArkPlot.Tts.Tests", "ArkPlot.Tts.Tests\ArkPlot.Tts.Tests.csproj", "{984ECD51-668C-4A37-A2B0-2A8A5C0F23DA}"
EndProject
Project("{FAE04EC0-301F-11D3-BF4B-00C04F79EFBC}") = "ArkPlot.AudioNormalizer", "ArkPlot.AudioNormalizer\ArkPlot.AudioNormalizer.csproj", "{504875FB-7F33-4A95-8CF7-41D8C0BAAE20}"
EndProject
Project("{FAE04EC0-301F-11D3-BF4B-00C04F79EFBC}") = "ArkPlot.AudioNormalizer.Tests", "ArkPlot.AudioNormalizer.Tests\ArkPlot.AudioNormalizer.Tests.csproj", "{13A5AA39-3303-4400-A8CF-3A285B471428}"
EndProject
Project("{FAE04EC0-301F-11D3-BF4B-00C04F79EFBC}") = "ArkPlot.Video", "ArkPlot.Video\ArkPlot.Video.csproj", "{F1F15498-763E-4C4C-A362-C1EFE18F09E4}"
EndProject
Project("{FAE04EC0-301F-11D3-BF4B-00C04F79EFBC}") = "ArkPlot.Video.Tests", "ArkPlot.Video.Tests\ArkPlot.Video.Tests.csproj", "{15433CFC-759A-4827-9420-CBA79C6C6706}"
EndProject
Project("{2150E333-8FDC-42A3-9474-1A3956D46DE8}") = "ArkPlot.Adapters", "ArkPlot.Adapters", "{F6422FEC-93CF-ECB8-89F9-FB61A3689532}"
EndProject
Project("{FAE04EC0-301F-11D3-BF4B-00C04F79EFBC}") = "ArkPlot.Core", "ArkPlot.Adapters\ArkPlot.Core\ArkPlot.Core.csproj", "{293BF798-8FE0-4DCA-A5BC-739E63BF28CD}"
EndProject
Project("{FAE04EC0-301F-11D3-BF4B-00C04F79EFBC}") = "ArkPlot.Arknights", "ArkPlot.Adapters\ArkPlot.Arknights\ArkPlot.Arknights.csproj", "{1005A22E-34A7-4F94-9EB7-C1273D339451}"
EndProject
Project("{FAE04EC0-301F-11D3-BF4B-00C04F79EFBC}") = "ArkPlot.Core.Tests", "ArkPlot.Adapters\ArkPlot.Core.Tests\ArkPlot.Core.Tests.csproj", "{70F451C2-D889-4978-8995-C0DDA123DED0}"
EndProject
Project("{FAE04EC0-301F-11D3-BF4B-00C04F79EFBC}") = "ArkPlot.Arknights.Tests", "ArkPlot.Adapters\ArkPlot.Arknights.Tests\ArkPlot.Arknights.Tests.csproj", "{CFCD4DF7-E72D-4BE6-96E1-583DBA45A1ED}"
EndProject
Global
	GlobalSection(SolutionConfigurationPlatforms) = preSolution
		Debug|Any CPU = Debug|Any CPU
		Debug|x64 = Debug|x64
		Debug|x86 = Debug|x86
		Release|Any CPU = Release|Any CPU
		Release|x64 = Release|x64
		Release|x86 = Release|x86
	EndGlobalSection
	GlobalSection(ProjectConfigurationPlatforms) = postSolution
		{C1DA2C0C-80E7-44BC-93A9-9E81989413A0}.Debug|Any CPU.ActiveCfg = Debug|Any CPU
		{C1DA2C0C-80E7-44BC-93A9-9E81989413A0}.Debug|Any CPU.Build.0 = Debug|Any CPU
		{C1DA2C0C-80E7-44BC-93A9-9E81989413A0}.Debug|x64.ActiveCfg = Debug|Any CPU
		{C1DA2C0C-80E7-44BC-93A9-9E81989413A0}.Debug|x64.Build.0 = Debug|Any CPU
		{C1DA2C0C-80E7-44BC-93A9-9E81989413A0}.Debug|x86.ActiveCfg = Debug|Any CPU
		{C1DA2C0C-80E7-44BC-93A9-9E81989413A0}.Debug|x86.Build.0 = Debug|Any CPU
		{C1DA2C0C-80E7-44BC-93A9-9E81989413A0}.Release|Any CPU.ActiveCfg = Release|Any CPU
		{C1DA2C0C-80E7-44BC-93A9-9E81989413A0}.Release|Any CPU.Build.0 = Release|Any CPU
		{C1DA2C0C-80E7-44BC-93A9-9E81989413A0}.Release|x64.ActiveCfg = Release|Any CPU
		{C1DA2C0C-80E7-44BC-93A9-9E81989413A0}.Release|x64.Build.0 = Release|Any CPU
		{C1DA2C0C-80E7-44BC-93A9-9E81989413A0}.Release|x86.ActiveCfg = Release|Any CPU
		{C1DA2C0C-80E7-44BC-93A9-9E81989413A0}.Release|x86.Build.0 = Release|Any CPU
		{3C984B9E-A356-49CE-ABAA-33E362A9EDC0}.Debug|Any CPU.ActiveCfg = Debug|Any CPU
		{3C984B9E-A356-49CE-ABAA-33E362A9EDC0}.Debug|Any CPU.Build.0 = Debug|Any CPU
		{3C984B9E-A356-49CE-ABAA-33E362A9EDC0}.Debug|x64.ActiveCfg = Debug|Any CPU
		{3C984B9E-A356-49CE-ABAA-33E362A9EDC0}.Debug|x64.Build.0 = Debug|Any CPU
		{3C984B9E-A356-49CE-ABAA-33E362A9EDC0}.Debug|x86.ActiveCfg = Debug|Any CPU
		{3C984B9E-A356-49CE-ABAA-33E362A9EDC0}.Debug|x86.Build.0 = Debug|Any CPU
		{3C984B9E-A356-49CE-ABAA-33E362A9EDC0}.Release|Any CPU.ActiveCfg = Release|Any CPU
		{3C984B9E-A356-49CE-ABAA-33E362A9EDC0}.Release|Any CPU.Build.0 = Release|Any CPU
		{3C984B9E-A356-49CE-ABAA-33E362A9EDC0}.Release|x64.ActiveCfg = Release|Any CPU
		{3C984B9E-A356-49CE-ABAA-33E362A9EDC0}.Release|x64.Build.0 = Release|Any CPU
		{3C984B9E-A356-49CE-ABAA-33E362A9EDC0}.Release|x86.ActiveCfg = Release|Any CPU
		{3C984B9E-A356-49CE-ABAA-33E362A9EDC0}.Release|x86.Build.0 = Release|Any CPU
		{4D985B0F-B467-50DF-BCCB-44F473B0FED1}.Debug|Any CPU.ActiveCfg = Debug|Any CPU
		{4D985B0F-B467-50DF-BCCB-44F473B0FED1}.Debug|Any CPU.Build.0 = Debug|Any CPU
		{4D985B0F-B467-50DF-BCCB-44F473B0FED1}.Debug|x64.ActiveCfg = Debug|Any CPU
		{4D985B0F-B467-50DF-BCCB-44F473B0FED1}.Debug|x64.Build.0 = Debug|Any CPU
		{4D985B0F-B467-50DF-BCCB-44F473B0FED1}.Debug|x86.ActiveCfg = Debug|Any CPU
		{4D985B0F-B467-50DF-BCCB-44F473B0FED1}.Debug|x86.Build.0 = Debug|Any CPU
		{4D985B0F-B467-50DF-BCCB-44F473B0FED1}.Release|Any CPU.ActiveCfg = Release|Any CPU
		{4D985B0F-B467-50DF-BCCB-44F473B0FED1}.Release|Any CPU.Build.0 = Release|Any CPU
		{4D985B0F-B467-50DF-BCCB-44F473B0FED1}.Release|x64.ActiveCfg = Release|Any CPU
		{4D985B0F-B467-50DF-BCCB-44F473B0FED1}.Release|x64.Build.0 = Release|Any CPU
		{4D985B0F-B467-50DF-BCCB-44F473B0FED1}.Release|x86.ActiveCfg = Release|Any CPU
		{4D985B0F-B467-50DF-BCCB-44F473B0FED1}.Release|x86.Build.0 = Release|Any CPU
		{30D5502C-85B5-4EC7-98C6-805615E0E7D0}.Debug|Any CPU.ActiveCfg = Debug|Any CPU
		{30D5502C-85B5-4EC7-98C6-805615E0E7D0}.Debug|Any CPU.Build.0 = Debug|Any CPU
		{30D5502C-85B5-4EC7-98C6-805615E0E7D0}.Debug|x64.ActiveCfg = Debug|Any CPU
		{30D5502C-85B5-4EC7-98C6-805615E0E7D0}.Debug|x64.Build.0 = Debug|Any CPU
		{30D5502C-85B5-4EC7-98C6-805615E0E7D0}.Debug|x86.ActiveCfg = Debug|Any CPU
		{30D5502C-85B5-4EC7-98C6-805615E0E7D0}.Debug|x86.Build.0 = Debug|Any CPU
		{30D5502C-85B5-4EC7-98C6-805615E0E7D0}.Release|Any CPU.ActiveCfg = Release|Any CPU
		{30D5502C-85B5-4EC7-98C6-805615E0E7D0}.Release|Any CPU.Build.0 = Release|Any CPU
		{30D5502C-85B5-4EC7-98C6-805615E0E7D0}.Release|x64.ActiveCfg = Release|Any CPU
		{30D5502C-85B5-4EC7-98C6-805615E0E7D0}.Release|x64.Build.0 = Release|Any CPU
		{30D5502C-85B5-4EC7-98C6-805615E0E7D0}.Release|x86.ActiveCfg = Release|Any CPU
		{30D5502C-85B5-4EC7-98C6-805615E0E7D0}.Release|x86.Build.0 = Release|Any CPU
		{2A02FF84-EBC0-4768-9EBB-42A6B4ADD391}.Debug|Any CPU.ActiveCfg = Debug|Any CPU
		{2A02FF84-EBC0-4768-9EBB-42A6B4ADD391}.Debug|Any CPU.Build.0 = Debug|Any CPU
		{2A02FF84-EBC0-4768-9EBB-42A6B4ADD391}.Debug|x64.ActiveCfg = Debug|Any CPU
		{2A02FF84-EBC0-4768-9EBB-42A6B4ADD391}.Debug|x64.Build.0 = Debug|Any CPU
		{2A02FF84-EBC0-4768-9EBB-42A6B4ADD391}.Debug|x86.ActiveCfg = Debug|Any CPU
		{2A02FF84-EBC0-4768-9EBB-42A6B4ADD391}.Debug|x86.Build.0 = Debug|Any CPU
		{2A02FF84-EBC0-4768-9EBB-42A6B4ADD391}.Release|Any CPU.ActiveCfg = Release|Any CPU
		{2A02FF84-EBC0-4768-9EBB-42A6B4ADD391}.Release|Any CPU.Build.0 = Release|Any CPU
		{2A02FF84-EBC0-4768-9EBB-42A6B4ADD391}.Release|x64.ActiveCfg = Release|Any CPU
		{2A02FF84-EBC0-4768-9EBB-42A6B4ADD391}.Release|x64.Build.0 = Release|Any CPU
		{2A02FF84-EBC0-4768-9EBB-42A6B4ADD391}.Release|x86.ActiveCfg = Release|Any CPU
		{2A02FF84-EBC0-4768-9EBB-42A6B4ADD391}.Release|x86.Build.0 = Release|Any CPU
		{CB70D941-C0B2-489A-AD07-D9BF981F33AB}.Debug|Any CPU.ActiveCfg = Debug|Any CPU
		{CB70D941-C0B2-489A-AD07-D9BF981F33AB}.Debug|Any CPU.Build.0 = Debug|Any CPU
		{CB70D941-C0B2-489A-AD07-D9BF981F33AB}.Debug|x64.ActiveCfg = Debug|Any CPU
		{CB70D941-C0B2-489A-AD07-D9BF981F33AB}.Debug|x64.Build.0 = Debug|Any CPU
		{CB70D941-C0B2-489A-AD07-D9BF981F33AB}.Debug|x86.ActiveCfg = Debug|Any CPU
		{CB70D941-C0B2-489A-AD07-D9BF981F33AB}.Debug|x86.Build.0 = Debug|Any CPU
		{CB70D941-C0B2-489A-AD07-D9BF981F33AB}.Release|Any CPU.ActiveCfg = Release|Any CPU
		{CB70D941-C0B2-489A-AD07-D9BF981F33AB}.Release|Any CPU.Build.0 = Release|Any CPU
		{CB70D941-C0B2-489A-AD07-D9BF981F33AB}.Release|x64.ActiveCfg = Release|Any CPU
		{CB70D941-C0B2-489A-AD07-D9BF981F33AB}.Release|x64.Build.0 = Release|Any CPU
		{CB70D941-C0B2-489A-AD07-D9BF981F33AB}.Release|x86.ActiveCfg = Release|Any CPU
		{CB70D941-C0B2-489A-AD07-D9BF981F33AB}.Release|x86.Build.0 = Release|Any CPU
		{7042B9A4-94D9-4691-9A0F-22B8393472B8}.Debug|Any CPU.ActiveCfg = Debug|Any CPU
		{7042B9A4-94D9-4691-9A0F-22B8393472B8}.Debug|Any CPU.Build.0 = Debug|Any CPU
		{7042B9A4-94D9-4691-9A0F-22B8393472B8}.Debug|x64.ActiveCfg = Debug|Any CPU
		{7042B9A4-94D9-4691-9A0F-22B8393472B8}.Debug|x64.Build.0 = Debug|Any CPU
		{7042B9A4-94D9-4691-9A0F-22B8393472B8}.Debug|x86.ActiveCfg = Debug|Any CPU
		{7042B9A4-94D9-4691-9A0F-22B8393472B8}.Debug|x86.Build.0 = Debug|Any CPU
		{7042B9A4-94D9-4691-9A0F-22B8393472B8}.Release|Any CPU.ActiveCfg = Release|Any CPU
		{7042B9A4-94D9-4691-9A0F-22B8393472B8}.Release|Any CPU.Build.0 = Release|Any CPU
		{7042B9A4-94D9-4691-9A0F-22B8393472B8}.Release|x64.ActiveCfg = Release|Any CPU
		{7042B9A4-94D9-4691-9A0F-22B8393472B8}.Release|x64.Build.0 = Release|Any CPU
		{7042B9A4-94D9-4691-9A0F-22B8393472B8}.Release|x86.ActiveCfg = Release|Any CPU
		{7042B9A4-94D9-4691-9A0F-22B8393472B8}.Release|x86.Build.0 = Release|Any CPU
		{31C34A62-D4A8-4834-84B8-CE920AC82FD1}.Debug|Any CPU.ActiveCfg = Debug|Any CPU
		{31C34A62-D4A8-4834-84B8-CE920AC82FD1}.Debug|Any CPU.Build.0 = Debug|Any CPU
		{31C34A62-D4A8-4834-84B8-CE920AC82FD1}.Debug|x64.ActiveCfg = Debug|Any CPU
		{31C34A62-D4A8-4834-84B8-CE920AC82FD1}.Debug|x64.Build.0 = Debug|Any CPU
		{31C34A62-D4A8-4834-84B8-CE920AC82FD1}.Debug|x86.ActiveCfg = Debug|Any CPU
		{31C34A62-D4A8-4834-84B8-CE920AC82FD1}.Debug|x86.Build.0 = Debug|Any CPU
		{31C34A62-D4A8-4834-84B8-CE920AC82FD1}.Release|Any CPU.ActiveCfg = Release|Any CPU
		{31C34A62-D4A8-4834-84B8-CE920AC82FD1}.Release|Any CPU.Build.0 = Release|Any CPU
		{31C34A62-D4A8-4834-84B8-CE920AC82FD1}.Release|x64.ActiveCfg = Release|Any CPU
		{31C34A62-D4A8-4834-84B8-CE920AC82FD1}.Release|x64.Build.0 = Release|Any CPU
		{31C34A62-D4A8-4834-84B8-CE920AC82FD1}.Release|x86.ActiveCfg = Release|Any CPU
		{31C34A62-D4A8-4834-84B8-CE920AC82FD1}.Release|x86.Build.0 = Release|Any CPU
		{984ECD51-668C-4A37-A2B0-2A8A5C0F23DA}.Debug|Any CPU.ActiveCfg = Debug|Any CPU
		{984ECD51-668C-4A37-A2B0-2A8A5C0F23DA}.Debug|Any CPU.Build.0 = Debug|Any CPU
		{984ECD51-668C-4A37-A2B0-2A8A5C0F23DA}.Debug|x64.ActiveCfg = Debug|Any CPU
		{984ECD51-668C-4A37-A2B0-2A8A5C0F23DA}.Debug|x64.Build.0 = Debug|Any CPU
		{984ECD51-668C-4A37-A2B0-2A8A5C0F23DA}.Debug|x86.ActiveCfg = Debug|Any CPU
		{984ECD51-668C-4A37-A2B0-2A8A5C0F23DA}.Debug|x86.Build.0 = Debug|Any CPU
		{984ECD51-668C-4A37-A2B0-2A8A5C0F23DA}.Release|Any CPU.ActiveCfg = Release|Any CPU
		{984ECD51-668C-4A37-A2B0-2A8A5C0F23DA}.Release|Any CPU.Build.0 = Release|Any CPU
		{984ECD51-668C-4A37-A2B0-2A8A5C0F23DA}.Release|x64.ActiveCfg = Release|Any CPU
		{984ECD51-668C-4A37-A2B0-2A8A5C0F23DA}.Release|x64.Build.0 = Release|Any CPU
		{984ECD51-668C-4A37-A2B0-2A8A5C0F23DA}.Release|x86.ActiveCfg = Release|Any CPU
		{984ECD51-668C-4A37-A2B0-2A8A5C0F23DA}.Release|x86.Build.0 = Release|Any CPU
		{504875FB-7F33-4A95-8CF7-41D8C0BAAE20}.Debug|Any CPU.ActiveCfg = Debug|Any CPU
		{504875FB-7F33-4A95-8CF7-41D8C0BAAE20}.Debug|Any CPU.Build.0 = Debug|Any CPU
		{504875FB-7F33-4A95-8CF7-41D8C0BAAE20}.Debug|x64.ActiveCfg = Debug|Any CPU
		{504875FB-7F33-4A95-8CF7-41D8C0BAAE20}.Debug|x64.Build.0 = Debug|Any CPU
		{504875FB-7F33-4A95-8CF7-41D8C0BAAE20}.Debug|x86.ActiveCfg = Debug|Any CPU
		{504875FB-7F33-4A95-8CF7-41D8C0BAAE20}.Debug|x86.Build.0 = Debug|Any CPU
		{504875FB-7F33-4A95-8CF7-41D8C0BAAE20}.Release|Any CPU.ActiveCfg = Release|Any CPU
		{504875FB-7F33-4A95-8CF7-41D8C0BAAE20}.Release|Any CPU.Build.0 = Release|Any CPU
		{504875FB-7F33-4A95-8CF7-41D8C0BAAE20}.Release|x64.ActiveCfg = Release|Any CPU
		{504875FB-7F33-4A95-8CF7-41D8C0BAAE20}.Release|x64.Build.0 = Release|Any CPU
		{504875FB-7F33-4A95-8CF7-41D8C0BAAE20}.Release|x86.ActiveCfg = Release|Any CPU
		{504875FB-7F33-4A95-8CF7-41D8C0BAAE20}.Release|x86.Build.0 = Release|Any CPU
		{13A5AA39-3303-4400-A8CF-3A285B471428}.Debug|Any CPU.ActiveCfg = Debug|Any CPU
		{13A5AA39-3303-4400-A8CF-3A285B471428}.Debug|Any CPU.Build.0 = Debug|Any CPU
		{13A5AA39-3303-4400-A8CF-3A285B471428}.Debug|x64.ActiveCfg = Debug|Any CPU
		{13A5AA39-3303-4400-A8CF-3A285B471428}.Debug|x64.Build.0 = Debug|Any CPU
		{13A5AA39-3303-4400-A8CF-3A285B471428}.Debug|x86.ActiveCfg = Debug|Any CPU
		{13A5AA39-3303-4400-A8CF-3A285B471428}.Debug|x86.Build.0 = Debug|Any CPU
		{13A5AA39-3303-4400-A8CF-3A285B471428}.Release|Any CPU.ActiveCfg = Release|Any CPU
		{13A5AA39-3303-4400-A8CF-3A285B471428}.Release|Any CPU.Build.0 = Release|Any CPU
		{13A5AA39-3303-4400-A8CF-3A285B471428}.Release|x64.ActiveCfg = Release|Any CPU
		{13A5AA39-3303-4400-A8CF-3A285B471428}.Release|x64.Build.0 = Release|Any CPU
		{13A5AA39-3303-4400-A8CF-3A285B471428}.Release|x86.ActiveCfg = Release|Any CPU
		{13A5AA39-3303-4400-A8CF-3A285B471428}.Release|x86.Build.0 = Release|Any CPU
		{F1F15498-763E-4C4C-A362-C1EFE18F09E4}.Debug|Any CPU.ActiveCfg = Debug|Any CPU
		{F1F15498-763E-4C4C-A362-C1EFE18F09E4}.Debug|Any CPU.Build.0 = Debug|Any CPU
		{F1F15498-763E-4C4C-A362-C1EFE18F09E4}.Debug|x64.ActiveCfg = Debug|Any CPU
		{F1F15498-763E-4C4C-A362-C1EFE18F09E4}.Debug|x64.Build.0 = Debug|Any CPU
		{F1F15498-763E-4C4C-A362-C1EFE18F09E4}.Debug|x86.ActiveCfg = Debug|Any CPU
		{F1F15498-763E-4C4C-A362-C1EFE18F09E4}.Debug|x86.Build.0 = Debug|Any CPU
		{F1F15498-763E-4C4C-A362-C1EFE18F09E4}.Release|Any CPU.ActiveCfg = Release|Any CPU
		{F1F15498-763E-4C4C-A362-C1EFE18F09E4}.Release|Any CPU.Build.0 = Release|Any CPU
		{F1F15498-763E-4C4C-A362-C1EFE18F09E4}.Release|x64.ActiveCfg = Release|Any CPU
		{F1F15498-763E-4C4C-A362-C1EFE18F09E4}.Release|x64.Build.0 = Release|Any CPU
		{F1F15498-763E-4C4C-A362-C1EFE18F09E4}.Release|x86.ActiveCfg = Release|Any CPU
		{F1F15498-763E-4C4C-A362-C1EFE18F09E4}.Release|x86.Build.0 = Release|Any CPU
		{15433CFC-759A-4827-9420-CBA79C6C6706}.Debug|Any CPU.ActiveCfg = Debug|Any CPU
		{15433CFC-759A-4827-9420-CBA79C6C6706}.Debug|Any CPU.Build.0 = Debug|Any CPU
		{15433CFC-759A-4827-9420-CBA79C6C6706}.Debug|x64.ActiveCfg = Debug|Any CPU
		{15433CFC-759A-4827-9420-CBA79C6C6706}.Debug|x64.Build.0 = Debug|Any CPU
		{15433CFC-759A-4827-9420-CBA79C6C6706}.Debug|x86.ActiveCfg = Debug|Any CPU
		{15433CFC-759A-4827-9420-CBA79C6C6706}.Debug|x86.Build.0 = Debug|Any CPU
		{15433CFC-759A-4827-9420-CBA79C6C6706}.Release|Any CPU.ActiveCfg = Release|Any CPU
		{15433CFC-759A-4827-9420-CBA79C6C6706}.Release|Any CPU.Build.0 = Release|Any CPU
		{15433CFC-759A-4827-9420-CBA79C6C6706}.Release|x64.ActiveCfg = Release|Any CPU
		{15433CFC-759A-4827-9420-CBA79C6C6706}.Release|x64.Build.0 = Release|Any CPU
		{15433CFC-759A-4827-9420-CBA79C6C6706}.Release|x86.ActiveCfg = Release|Any CPU
		{15433CFC-759A-4827-9420-CBA79C6C6706}.Release|x86.Build.0 = Release|Any CPU
		{293BF798-8FE0-4DCA-A5BC-739E63BF28CD}.Debug|Any CPU.ActiveCfg = Debug|Any CPU
		{293BF798-8FE0-4DCA-A5BC-739E63BF28CD}.Debug|Any CPU.Build.0 = Debug|Any CPU
		{293BF798-8FE0-4DCA-A5BC-739E63BF28CD}.Debug|x64.ActiveCfg = Debug|Any CPU
		{293BF798-8FE0-4DCA-A5BC-739E63BF28CD}.Debug|x64.Build.0 = Debug|Any CPU
		{293BF798-8FE0-4DCA-A5BC-739E63BF28CD}.Debug|x86.ActiveCfg = Debug|Any CPU
		{293BF798-8FE0-4DCA-A5BC-739E63BF28CD}.Debug|x86.Build.0 = Debug|Any CPU
		{293BF798-8FE0-4DCA-A5BC-739E63BF28CD}.Release|Any CPU.ActiveCfg = Release|Any CPU
		{293BF798-8FE0-4DCA-A5BC-739E63BF28CD}.Release|Any CPU.Build.0 = Release|Any CPU
		{293BF798-8FE0-4DCA-A5BC-739E63BF28CD}.Release|x64.ActiveCfg = Release|Any CPU
		{293BF798-8FE0-4DCA-A5BC-739E63BF28CD}.Release|x64.Build.0 = Release|Any CPU
		{293BF798-8FE0-4DCA-A5BC-739E63BF28CD}.Release|x86.ActiveCfg = Release|Any CPU
		{293BF798-8FE0-4DCA-A5BC-739E63BF28CD}.Release|x86.Build.0 = Release|Any CPU
		{1005A22E-34A7-4F94-9EB7-C1273D339451}.Debug|Any CPU.ActiveCfg = Debug|Any CPU
		{1005A22E-34A7-4F94-9EB7-C1273D339451}.Debug|Any CPU.Build.0 = Debug|Any CPU
		{1005A22E-34A7-4F94-9EB7-C1273D339451}.Debug|x64.ActiveCfg = Debug|Any CPU
		{1005A22E-34A7-4F94-9EB7-C1273D339451}.Debug|x64.Build.0 = Debug|Any CPU
		{1005A22E-34A7-4F94-9EB7-C1273D339451}.Debug|x86.ActiveCfg = Debug|Any CPU
		{1005A22E-34A7-4F94-9EB7-C1273D339451}.Debug|x86.Build.0 = Debug|Any CPU
		{1005A22E-34A7-4F94-9EB7-C1273D339451}.Release|Any CPU.ActiveCfg = Release|Any CPU
		{1005A22E-34A7-4F94-9EB7-C1273D339451}.Release|Any CPU.Build.0 = Release|Any CPU
		{1005A22E-34A7-4F94-9EB7-C1273D339451}.Release|x64.ActiveCfg = Release|Any CPU
		{1005A22E-34A7-4F94-9EB7-C1273D339451}.Release|x64.Build.0 = Release|Any CPU
		{1005A22E-34A7-4F94-9EB7-C1273D339451}.Release|x86.ActiveCfg = Release|Any CPU
		{1005A22E-34A7-4F94-9EB7-C1273D339451}.Release|x86.Build.0 = Release|Any CPU
		{70F451C2-D889-4978-8995-C0DDA123DED0}.Debug|Any CPU.ActiveCfg = Debug|Any CPU
		{70F451C2-D889-4978-8995-C0DDA123DED0}.Debug|Any CPU.Build.0 = Debug|Any CPU
		{70F451C2-D889-4978-8995-C0DDA123DED0}.Debug|x64.ActiveCfg = Debug|Any CPU
		{70F451C2-D889-4978-8995-C0DDA123DED0}.Debug|x64.Build.0 = Debug|Any CPU
		{70F451C2-D889-4978-8995-C0DDA123DED0}.Debug|x86.ActiveCfg = Debug|Any CPU
		{70F451C2-D889-4978-8995-C0DDA123DED0}.Debug|x86.Build.0 = Debug|Any CPU
		{70F451C2-D889-4978-8995-C0DDA123DED0}.Release|Any CPU.ActiveCfg = Release|Any CPU
		{70F451C2-D889-4978-8995-C0DDA123DED0}.Release|Any CPU.Build.0 = Release|Any CPU
		{70F451C2-D889-4978-8995-C0DDA123DED0}.Release|x64.ActiveCfg = Release|Any CPU
		{70F451C2-D889-4978-8995-C0DDA123DED0}.Release|x64.Build.0 = Release|Any CPU
		{70F451C2-D889-4978-8995-C0DDA123DED0}.Release|x86.ActiveCfg = Release|Any CPU
		{70F451C2-D889-4978-8995-C0DDA123DED0}.Release|x86.Build.0 = Release|Any CPU
		{CFCD4DF7-E72D-4BE6-96E1-583DBA45A1ED}.Debug|Any CPU.ActiveCfg = Debug|Any CPU
		{CFCD4DF7-E72D-4BE6-96E1-583DBA45A1ED}.Debug|Any CPU.Build.0 = Debug|Any CPU
		{CFCD4DF7-E72D-4BE6-96E1-583DBA45A1ED}.Debug|x64.ActiveCfg = Debug|Any CPU
		{CFCD4DF7-E72D-4BE6-96E1-583DBA45A1ED}.Debug|x64.Build.0 = Debug|Any CPU
		{CFCD4DF7-E72D-4BE6-96E1-583DBA45A1ED}.Debug|x86.ActiveCfg = Debug|Any CPU
		{CFCD4DF7-E72D-4BE6-96E1-583DBA45A1ED}.Debug|x86.Build.0 = Debug|Any CPU
		{CFCD4DF7-E72D-4BE6-96E1-583DBA45A1ED}.Release|Any CPU.ActiveCfg = Release|Any CPU
		{CFCD4DF7-E72D-4BE6-96E1-583DBA45A1ED}.Release|Any CPU.Build.0 = Release|Any CPU
		{CFCD4DF7-E72D-4BE6-96E1-583DBA45A1ED}.Release|x64.ActiveCfg = Release|Any CPU
		{CFCD4DF7-E72D-4BE6-96E1-583DBA45A1ED}.Release|x64.Build.0 = Release|Any CPU
		{CFCD4DF7-E72D-4BE6-96E1-583DBA45A1ED}.Release|x86.ActiveCfg = Release|Any CPU
		{CFCD4DF7-E72D-4BE6-96E1-583DBA45A1ED}.Release|x86.Build.0 = Release|Any CPU
	EndGlobalSection
	GlobalSection(SolutionProperties) = preSolution
		HideSolutionNode = FALSE
	EndGlobalSection
	GlobalSection(NestedProjects) = preSolution
		{293BF798-8FE0-4DCA-A5BC-739E63BF28CD} = {F6422FEC-93CF-ECB8-89F9-FB61A3689532}
		{1005A22E-34A7-4F94-9EB7-C1273D339451} = {F6422FEC-93CF-ECB8-89F9-FB61A3689532}
		{70F451C2-D889-4978-8995-C0DDA123DED0} = {F6422FEC-93CF-ECB8-89F9-FB61A3689532}
		{CFCD4DF7-E72D-4BE6-96E1-583DBA45A1ED} = {F6422FEC-93CF-ECB8-89F9-FB61A3689532}
	EndGlobalSection
EndGlobal
